
Microsoft Visual Studio Solution File, Format Version 12.00
# Visual Studio Version 16
VisualStudioVersion = 16.0.30114.105
MinimumVisualStudioVersion = 10.0.40219.1
Project("{FAE04EC0-301F-11D3-BF4B-00C04F79EFBC}") = "PivotalServices.WebApiTemplate.CSharp2", "PivotalServices.WebApiTemplate.CSharp2.csproj", "{C815CA85-1C4A-4A4A-8FD7-78FB1A86C966}"
EndProject
Global
	GlobalSection(SolutionConfigurationPlatforms) = preSolution
		Debug|Any CPU = Debug|Any CPU
		Release|Any CPU = Release|Any CPU
	EndGlobalSection
	GlobalSection(SolutionProperties) = preSolution
		HideSolutionNode = FALSE
	EndGlobalSection
	GlobalSection(ProjectConfigurationPlatforms) = postSolution
		{C815CA85-1C4A-4A4A-8FD7-78FB1A86C966}.Debug|Any CPU.ActiveCfg = Debug|Any CPU
		{C815CA85-1C4A-4A4A-8FD7-78FB1A86C966}.Debug|Any CPU.Build.0 = Debug|Any CPU
		{C815CA85-1C4A-4A4A-8FD7-78FB1A86C966}.Release|Any CPU.ActiveCfg = Release|Any CPU
		{C815CA85-1C4A-4A4A-8FD7-78FB1A86C966}.Release|Any CPU.Build.0 = Release|Any CPU
	EndGlobalSection
EndGlobal
